
Microsoft Visual Studio Solution File, Format Version 12.00
# Visual Studio Version 16
VisualStudioVersion = 16.0.31729.503
MinimumVisualStudioVersion = 10.0.40219.1
Project("{FAE04EC0-301F-11D3-BF4B-00C04F79EFBC}") = "AccountMenager", "AccountMenager\AccountMenager.csproj", "{C9348C20-3890-434E-A276-3F90C57C6499}"
EndProject
Global
	GlobalSection(SolutionConfigurationPlatforms) = preSolution
		Debug|Any CPU = Debug|Any CPU
		Release|Any CPU = Release|Any CPU
	EndGlobalSection
	GlobalSection(ProjectConfigurationPlatforms) = postSolution
		{C9348C20-3890-434E-A276-3F90C57C6499}.Debug|Any CPU.ActiveCfg = Debug|Any CPU
		{C9348C20-3890-434E-A276-3F90C57C6499}.Debug|Any CPU.Build.0 = Debug|Any CPU
		{C9348C20-3890-434E-A276-3F90C57C6499}.Release|Any CPU.ActiveCfg = Release|Any CPU
		{C9348C20-3890-434E-A276-3F90C57C6499}.Release|Any CPU.Build.0 = Release|Any CPU
	EndGlobalSection
	GlobalSection(SolutionProperties) = preSolution
		HideSolutionNode = FALSE
	EndGlobalSection
	GlobalSection(ExtensibilityGlobals) = postSolution
		SolutionGuid = {107F885A-66F9-4E87-ADE8-7E9AC06F45FB}
	EndGlobalSection
EndGlobal
